
Microsoft Visual Studio Solution File, Format Version 12.00
# Visual Studio 15
VisualStudioVersion = 15.0.28307.757
MinimumVisualStudioVersion = 10.0.40219.1
Project("{FAE04EC0-301F-11D3-BF4B-00C04F79EFBC}") = "Anagrafica_Quarenghi", "Anagrafica_Quarenghi\Anagrafica_Quarenghi.csproj", "{008046B9-19E1-4F30-8BF6-ECF165367073}"
EndProject
Global
	GlobalSection(SolutionConfigurationPlatforms) = preSolution
		Debug|Any CPU = Debug|Any CPU
		Release|Any CPU = Release|Any CPU
	EndGlobalSection
	GlobalSection(ProjectConfigurationPlatforms) = postSolution
		{008046B9-19E1-4F30-8BF6-ECF165367073}.Debug|Any CPU.ActiveCfg = Debug|Any CPU
		{008046B9-19E1-4F30-8BF6-ECF165367073}.Debug|Any CPU.Build.0 = Debug|Any CPU
		{008046B9-19E1-4F30-8BF6-ECF165367073}.Release|Any CPU.ActiveCfg = Release|Any CPU
		{008046B9-19E1-4F30-8BF6-ECF165367073}.Release|Any CPU.Build.0 = Release|Any CPU
	EndGlobalSection
	GlobalSection(SolutionProperties) = preSolution
		HideSolutionNode = FALSE
	EndGlobalSection
	GlobalSection(ExtensibilityGlobals) = postSolution
		SolutionGuid = {30F88EE1-26F6-4A8F-B844-DFE29BD8B4A5}
	EndGlobalSection
EndGlobal
